{
  "name": "website",
  "version": "1.0.0",
  "lockfileVersion": 3,
  "requires": true,
  "packages": {
    "": {
      "name": "website",
      "version": "1.0.0",
      "license": "ISC",
      "dependencies": {
        "@stripe/stripe-js": "^9.4.0",
        "stripe": "^22.1.0"
      }
    },
    "node_modules/@stripe/stripe-js": {
      "version": "9.4.0",
      "resolved": "https://registry.npmjs.org/@stripe/stripe-js/-/stripe-js-9.4.0.tgz",
      "integrity": "sha512-zXG86DnoLU5nH2U18tX5ApTE3IAm+txoiPm4YFyEtRS0K5y7ZDH9M8e1Le/cZyI6wvW3BkJn2daZe2FqZOrSSg==",
      "license": "MIT",
      "engines": {
        "node": ">=12.16"
      }
    },
    "node_modules/stripe": {
      "version": "22.1.0",
      "resolved": "https://registry.npmjs.org/stripe/-/stripe-22.1.0.tgz",
      "integrity": "sha512-w/xHyJGxXWnLPbNHG13sz/fae0MrFGC80Oz7YbICQymbfpqfEcsoG+6yG+9BWb81PWc4rrkeSO4wmTcmefmbLw==",
      "license": "MIT",
      "engines": {
        "node": ">=18"
      },
      "peerDependencies": {
        "@types/node": ">=18"
      },
      "peerDependenciesMeta": {
        "@types/node": {
          "optional": true
        }
      }
    }
  }
}
